
Microsoft Visual Studio Solution File, Format Version 12.00
# Visual Studio Version 16
VisualStudioVersion = 16.0.30804.86
MinimumVisualStudioVersion = 10.0.40219.1
Project("{9A19103F-16F7-4668-BE54-9A1E7A4F7556}") = "cadmus.monster", "cadmus.monster.csproj", "{283471F6-FE2B-427E-92AB-55BD2A5E327C}"
EndProject
Global
	GlobalSection(SolutionConfigurationPlatforms) = preSolution
		Debug|Any CPU = Debug|Any CPU
		Release|Any CPU = Release|Any CPU
	EndGlobalSection
	GlobalSection(ProjectConfigurationPlatforms) = postSolution
		{283471F6-FE2B-427E-92AB-55BD2A5E327C}.Debug|Any CPU.ActiveCfg = Debug|Any CPU
		{283471F6-FE2B-427E-92AB-55BD2A5E327C}.Debug|Any CPU.Build.0 = Debug|Any CPU
		{283471F6-FE2B-427E-92AB-55BD2A5E327C}.Release|Any CPU.ActiveCfg = Release|Any CPU
		{283471F6-FE2B-427E-92AB-55BD2A5E327C}.Release|Any CPU.Build.0 = Release|Any CPU
	EndGlobalSection
	GlobalSection(SolutionProperties) = preSolution
		HideSolutionNode = FALSE
	EndGlobalSection
	GlobalSection(ExtensibilityGlobals) = postSolution
		SolutionGuid = {F558A234-FF2A-4758-B3B4-414091B19E51}
	EndGlobalSection
EndGlobal
